
Microsoft Visual Studio Solution File, Format Version 12.00
# Visual Studio Version 17
VisualStudioVersion = 17.0.31903.59
MinimumVisualStudioVersion = 10.0.40219.1
Project("{FAE04EC0-301F-11D3-BF4B-00C04F79EFBC}") = "InterviewApi", "InterviewApi.csproj", "{7D70A0A5-737C-44E3-B3F6-6F256E1B6F25}"
EndProject
Project("{FAE04EC0-301F-11D3-BF4B-00C04F79EFBC}") = "InterviewApi.Tests", "InterviewApi.Tests\InterviewApi.Tests.csproj", "{A8AAE8EA-B825-4578-B948-C870EF3BE5B6}"
EndProject
Project("{FAE04EC0-301F-11D3-BF4B-00C04F79EFBC}") = "WeatherApi", "WeatherApi\WeatherApi.csproj", "{D7D36E9B-F810-4BE1-950B-2D954E2069FA}"
EndProject
Project("{FAE04EC0-301F-11D3-BF4B-00C04F79EFBC}") = "GatewayApi", "GatewayApi\GatewayApi.csproj", "{0C630A1B-B384-435E-9737-1A05419A73FF}"
EndProject
Global
	GlobalSection(SolutionConfigurationPlatforms) = preSolution
		Debug|Any CPU = Debug|Any CPU
		Release|Any CPU = Release|Any CPU
	EndGlobalSection
	GlobalSection(SolutionProperties) = preSolution
		HideSolutionNode = FALSE
	EndGlobalSection
	GlobalSection(ProjectConfigurationPlatforms) = postSolution
		{7D70A0A5-737C-44E3-B3F6-6F256E1B6F25}.Debug|Any CPU.ActiveCfg = Debug|Any CPU
		{7D70A0A5-737C-44E3-B3F6-6F256E1B6F25}.Debug|Any CPU.Build.0 = Debug|Any CPU
		{7D70A0A5-737C-44E3-B3F6-6F256E1B6F25}.Release|Any CPU.ActiveCfg = Release|Any CPU
		{7D70A0A5-737C-44E3-B3F6-6F256E1B6F25}.Release|Any CPU.Build.0 = Release|Any CPU
		{A8AAE8EA-B825-4578-B948-C870EF3BE5B6}.Debug|Any CPU.ActiveCfg = Debug|Any CPU
		{A8AAE8EA-B825-4578-B948-C870EF3BE5B6}.Debug|Any CPU.Build.0 = Debug|Any CPU
		{A8AAE8EA-B825-4578-B948-C870EF3BE5B6}.Release|Any CPU.ActiveCfg = Release|Any CPU
		{A8AAE8EA-B825-4578-B948-C870EF3BE5B6}.Release|Any CPU.Build.0 = Release|Any CPU
		{D7D36E9B-F810-4BE1-950B-2D954E2069FA}.Debug|Any CPU.ActiveCfg = Debug|Any CPU
		{D7D36E9B-F810-4BE1-950B-2D954E2069FA}.Debug|Any CPU.Build.0 = Debug|Any CPU
		{D7D36E9B-F810-4BE1-950B-2D954E2069FA}.Release|Any CPU.ActiveCfg = Release|Any CPU
		{D7D36E9B-F810-4BE1-950B-2D954E2069FA}.Release|Any CPU.Build.0 = Release|Any CPU
		{0C630A1B-B384-435E-9737-1A05419A73FF}.Debug|Any CPU.ActiveCfg = Debug|Any CPU
		{0C630A1B-B384-435E-9737-1A05419A73FF}.Debug|Any CPU.Build.0 = Debug|Any CPU
		{0C630A1B-B384-435E-9737-1A05419A73FF}.Release|Any CPU.ActiveCfg = Release|Any CPU
		{0C630A1B-B384-435E-9737-1A05419A73FF}.Release|Any CPU.Build.0 = Release|Any CPU
	EndGlobalSection
EndGlobal
